
Microsoft Visual Studio Solution File, Format Version 12.00
# Visual Studio Version 17
VisualStudioVersion = 17.14.36414.22
MinimumVisualStudioVersion = 10.0.40219.1
Project("{FAE04EC0-301F-11D3-BF4B-00C04F79EFBC}") = "SupllyHub.Data", "SupllyHub.Data\SupllyHub.Data.csproj", "{7F9B3AE0-2B69-49D8-A206-3092D0C7E1C2}"
EndProject
Project("{FAE04EC0-301F-11D3-BF4B-00C04F79EFBC}") = "SupllyHub.Business", "SupllyHub.Business\SupllyHub.Business.csproj", "{07ABCB92-503E-4E60-A079-E5BC51009FFA}"
EndProject
Project("{FAE04EC0-301F-11D3-BF4B-00C04F79EFBC}") = "SupllyHub.API", "SupllyHub.API\SupllyHub.API.csproj", "{CAB74E2B-8053-4AA6-8B08-B086F709E4D0}"
EndProject
Global
	GlobalSection(SolutionConfigurationPlatforms) = preSolution
		Debug|Any CPU = Debug|Any CPU
		Release|Any CPU = Release|Any CPU
	EndGlobalSection
	GlobalSection(ProjectConfigurationPlatforms) = postSolution
		{7F9B3AE0-2B69-49D8-A206-3092D0C7E1C2}.Debug|Any CPU.ActiveCfg = Debug|Any CPU
		{7F9B3AE0-2B69-49D8-A206-3092D0C7E1C2}.Debug|Any CPU.Build.0 = Debug|Any CPU
		{7F9B3AE0-2B69-49D8-A206-3092D0C7E1C2}.Release|Any CPU.ActiveCfg = Release|Any CPU
		{7F9B3AE0-2B69-49D8-A206-3092D0C7E1C2}.Release|Any CPU.Build.0 = Release|Any CPU
		{07ABCB92-503E-4E60-A079-E5BC51009FFA}.Debug|Any CPU.ActiveCfg = Debug|Any CPU
		{07ABCB92-503E-4E60-A079-E5BC51009FFA}.Debug|Any CPU.Build.0 = Debug|Any CPU
		{07ABCB92-503E-4E60-A079-E5BC51009FFA}.Release|Any CPU.ActiveCfg = Release|Any CPU
		{07ABCB92-503E-4E60-A079-E5BC51009FFA}.Release|Any CPU.Build.0 = Release|Any CPU
		{CAB74E2B-8053-4AA6-8B08-B086F709E4D0}.Debug|Any CPU.ActiveCfg = Debug|Any CPU
		{CAB74E2B-8053-4AA6-8B08-B086F709E4D0}.Debug|Any CPU.Build.0 = Debug|Any CPU
		{CAB74E2B-8053-4AA6-8B08-B086F709E4D0}.Release|Any CPU.ActiveCfg = Release|Any CPU
		{CAB74E2B-8053-4AA6-8B08-B086F709E4D0}.Release|Any CPU.Build.0 = Release|Any CPU
	EndGlobalSection
	GlobalSection(SolutionProperties) = preSolution
		HideSolutionNode = FALSE
	EndGlobalSection
	GlobalSection(ExtensibilityGlobals) = postSolution
		SolutionGuid = {F8E4AC25-9C4E-4A12-B0B7-9D6884D5F01D}
	EndGlobalSection
EndGlobal
